
Microsoft Visual Studio Solution File, Format Version 12.00
# Visual Studio 2017
Project("{FAE04EC0-301F-11D3-BF4B-00C04F79EFBC}") = "Dogeboy.Plugins", "Dogeboy.Plugins.csproj", "{C52D7E4B-1A13-C3BE-BD24-45A2EB68DBF3}"
EndProject
Project("{FAE04EC0-301F-11D3-BF4B-00C04F79EFBC}") = "Dogeboy", "Dogeboy.csproj", "{4DAAC8C6-F234-7A30-403B-022CB13AF6F0}"
EndProject
Global
	GlobalSection(SolutionConfigurationPlatforms) = preSolution
		Debug|Any CPU = Debug|Any CPU
		Release|Any CPU = Release|Any CPU
	EndGlobalSection
	GlobalSection(ProjectConfigurationPlatforms) = postSolution
		{C52D7E4B-1A13-C3BE-BD24-45A2EB68DBF3}.Debug|Any CPU.ActiveCfg = Debug|Any CPU
		{C52D7E4B-1A13-C3BE-BD24-45A2EB68DBF3}.Debug|Any CPU.Build.0 = Debug|Any CPU
		{C52D7E4B-1A13-C3BE-BD24-45A2EB68DBF3}.Release|Any CPU.ActiveCfg = Release|Any CPU
		{C52D7E4B-1A13-C3BE-BD24-45A2EB68DBF3}.Release|Any CPU.Build.0 = Release|Any CPU
		{4DAAC8C6-F234-7A30-403B-022CB13AF6F0}.Debug|Any CPU.ActiveCfg = Debug|Any CPU
		{4DAAC8C6-F234-7A30-403B-022CB13AF6F0}.Debug|Any CPU.Build.0 = Debug|Any CPU
		{4DAAC8C6-F234-7A30-403B-022CB13AF6F0}.Release|Any CPU.ActiveCfg = Release|Any CPU
		{4DAAC8C6-F234-7A30-403B-022CB13AF6F0}.Release|Any CPU.Build.0 = Release|Any CPU
	EndGlobalSection
	GlobalSection(SolutionProperties) = preSolution
		HideSolutionNode = FALSE
	EndGlobalSection
EndGlobal
